
Microsoft Visual Studio Solution File, Format Version 12.00
# Visual Studio 15
VisualStudioVersion = 15.0.26403.0
MinimumVisualStudioVersion = 10.0.40219.1
Project("{FAE04EC0-301F-11D3-BF4B-00C04F79EFBC}") = "Zpr.Fer.Hr.Lumen.Android", "Zpr.Fer.Hr.Lumen\Zpr.Fer.Hr.Lumen.Android\Zpr.Fer.Hr.Lumen.Android.csproj", "{73624CE5-D191-452D-87D6-D14074EAF629}"
EndProject
Project("{FAE04EC0-301F-11D3-BF4B-00C04F79EFBC}") = "Zpr.Fer.Hr.Lumen", "Zpr.Fer.Hr.Lumen\Zpr.Fer.Hr.Lumen\Zpr.Fer.Hr.Lumen.csproj", "{79EE110E-BAF7-4B9A-8DA2-9DC372D260AE}"
EndProject
Project("{FAE04EC0-301F-11D3-BF4B-00C04F79EFBC}") = "Zpr.Fer.Hr.Lumen.UWP", "Zpr.Fer.Hr.Lumen\Zpr.Fer.Hr.Lumen.UWP\Zpr.Fer.Hr.Lumen.UWP.csproj", "{2DFEBAC4-B12B-4735-B697-2CBAADC6B230}"
EndProject
Project("{FAE04EC0-301F-11D3-BF4B-00C04F79EFBC}") = "Zpr.Fer.Hr.Lumen.iOS", "Zpr.Fer.Hr.Lumen\Zpr.Fer.Hr.Lumen.iOS\Zpr.Fer.Hr.Lumen.iOS.csproj", "{B01B052C-5B82-4F35-B1A6-E956074F70F7}"
EndProject
Global
	GlobalSection(SolutionConfigurationPlatforms) = preSolution
		Ad-Hoc|Any CPU = Ad-Hoc|Any CPU
		Ad-Hoc|ARM = Ad-Hoc|ARM
		Ad-Hoc|iPhone = Ad-Hoc|iPhone
		Ad-Hoc|iPhoneSimulator = Ad-Hoc|iPhoneSimulator
		Ad-Hoc|x64 = Ad-Hoc|x64
		Ad-Hoc|x86 = Ad-Hoc|x86
		AppStore|Any CPU = AppStore|Any CPU
		AppStore|ARM = AppStore|ARM
		AppStore|iPhone = AppStore|iPhone
		AppStore|iPhoneSimulator = AppStore|iPhoneSimulator
		AppStore|x64 = AppStore|x64
		AppStore|x86 = AppStore|x86
		Debug|Any CPU = Debug|Any CPU
		Debug|ARM = Debug|ARM
		Debug|iPhone = Debug|iPhone
		Debug|iPhoneSimulator = Debug|iPhoneSimulator
		Debug|x64 = Debug|x64
		Debug|x86 = Debug|x86
		Release|Any CPU = Release|Any CPU
		Release|ARM = Release|ARM
		Release|iPhone = Release|iPhone
		Release|iPhoneSimulator = Release|iPhoneSimulator
		Release|x64 = Release|x64
		Release|x86 = Release|x86
	EndGlobalSection
	GlobalSection(ProjectConfigurationPlatforms) = postSolution
		{73624CE5-D191-452D-87D6-D14074EAF629}.Ad-Hoc|Any CPU.ActiveCfg = Release|Any CPU
		{73624CE5-D191-452D-87D6-D14074EAF629}.Ad-Hoc|Any CPU.Build.0 = Release|Any CPU
		{73624CE5-D191-452D-87D6-D14074EAF629}.Ad-Hoc|Any CPU.Deploy.0 = Release|Any CPU
		{73624CE5-D191-452D-87D6-D14074EAF629}.Ad-Hoc|ARM.ActiveCfg = Release|Any CPU
		{73624CE5-D191-452D-87D6-D14074EAF629}.Ad-Hoc|ARM.Build.0 = Release|Any CPU
		{73624CE5-D191-452D-87D6-D14074EAF629}.Ad-Hoc|ARM.Deploy.0 = Release|Any CPU
		{73624CE5-D191-452D-87D6-D14074EAF629}.Ad-Hoc|iPhone.ActiveCfg = Release|Any CPU
		{73624CE5-D191-452D-87D6-D14074EAF629}.Ad-Hoc|iPhone.Build.0 = Release|Any CPU
		{73624CE5-D191-452D-87D6-D14074EAF629}.Ad-Hoc|iPhone.Deploy.0 = Release|Any CPU
		{73624CE5-D191-452D-87D6-D14074EAF629}.Ad-Hoc|iPhoneSimulator.ActiveCfg = Release|Any CPU
		{73624CE5-D191-452D-87D6-D14074EAF629}.Ad-Hoc|iPhoneSimulator.Build.0 = Release|Any CPU
		{73624CE5-D191-452D-87D6-D14074EAF629}.Ad-Hoc|iPhoneSimulator.Deploy.0 = Release|Any CPU
		{73624CE5-D191-452D-87D6-D14074EAF629}.Ad-Hoc|x64.ActiveCfg = Release|Any CPU
		{73624CE5-D191-452D-87D6-D14074EAF629}.Ad-Hoc|x64.Build.0 = Release|Any CPU
		{73624CE5-D191-452D-87D6-D14074EAF629}.Ad-Hoc|x64.Deploy.0 = Release|Any CPU
		{73624CE5-D191-452D-87D6-D14074EAF629}.Ad-Hoc|x86.ActiveCfg = Release|Any CPU
		{73624CE5-D191-452D-87D6-D14074EAF629}.Ad-Hoc|x86.Build.0 = Release|Any CPU
		{73624CE5-D191-452D-87D6-D14074EAF629}.Ad-Hoc|x86.Deploy.0 = Release|Any CPU
		{73624CE5-D191-452D-87D6-D14074EAF629}.AppStore|Any CPU.ActiveCfg = Release|Any CPU
		{73624CE5-D191-452D-87D6-D14074EAF629}.AppStore|Any CPU.Build.0 = Release|Any CPU
		{73624CE5-D191-452D-87D6-D14074EAF629}.AppStore|Any CPU.Deploy.0 = Release|Any CPU
		{73624CE5-D191-452D-87D6-D14074EAF629}.AppStore|ARM.ActiveCfg = Release|Any CPU
		{73624CE5-D191-452D-87D6-D14074EAF629}.AppStore|ARM.Build.0 = Release|Any CPU
		{73624CE5-D191-452D-87D6-D14074EAF629}.AppStore|ARM.Deploy.0 = Release|Any CPU
		{73624CE5-D191-452D-87D6-D14074EAF629}.AppStore|iPhone.ActiveCfg = Release|Any CPU
		{73624CE5-D191-452D-87D6-D14074EAF629}.AppStore|iPhone.Build.0 = Release|Any CPU
		{73624CE5-D191-452D-87D6-D14074EAF629}.AppStore|iPhone.Deploy.0 = Release|Any CPU
		{73624CE5-D191-452D-87D6-D14074EAF629}.AppStore|iPhoneSimulator.ActiveCfg = Release|Any CPU
		{73624CE5-D191-452D-87D6-D14074EAF629}.AppStore|iPhoneSimulator.Build.0 = Release|Any CPU
		{73624CE5-D191-452D-87D6-D14074EAF629}.AppStore|iPhoneSimulator.Deploy.0 = Release|Any CPU
		{73624CE5-D191-452D-87D6-D14074EAF629}.AppStore|x64.ActiveCfg = Release|Any CPU
		{73624CE5-D191-452D-87D6-D14074EAF629}.AppStore|x64.Build.0 = Release|Any CPU
		{73624CE5-D191-452D-87D6-D14074EAF629}.AppStore|x64.Deploy.0 = Release|Any CPU
		{73624CE5-D191-452D-87D6-D14074EAF629}.AppStore|x86.ActiveCfg = Release|Any CPU
		{73624CE5-D191-452D-87D6-D14074EAF629}.AppStore|x86.Build.0 = Release|Any CPU
		{73624CE5-D191-452D-87D6-D14074EAF629}.AppStore|x86.Deploy.0 = Release|Any CPU
		{73624CE5-D191-452D-87D6-D14074EAF629}.Debug|Any CPU.ActiveCfg = Debug|Any CPU
		{73624CE5-D191-452D-87D6-D14074EAF629}.Debug|Any CPU.Build.0 = Debug|Any CPU
		{73624CE5-D191-452D-87D6-D14074EAF629}.Debug|Any CPU.Deploy.0 = Debug|Any CPU
		{73624CE5-D191-452D-87D6-D14074EAF629}.Debug|ARM.ActiveCfg = Debug|Any CPU
		{73624CE5-D191-452D-87D6-D14074EAF629}.Debug|ARM.Build.0 = Debug|Any CPU
		{73624CE5-D191-452D-87D6-D14074EAF629}.Debug|ARM.Deploy.0 = Debug|Any CPU
		{73624CE5-D191-452D-87D6-D14074EAF629}.Debug|iPhone.ActiveCfg = Debug|Any CPU
		{73624CE5-D191-452D-87D6-D14074EAF629}.Debug|iPhone.Build.0 = Debug|Any CPU
		{73624CE5-D191-452D-87D6-D14074EAF629}.Debug|iPhone.Deploy.0 = Debug|Any CPU
		{73624CE5-D191-452D-87D6-D14074EAF629}.Debug|iPhoneSimulator.ActiveCfg = Debug|Any CPU
		{73624CE5-D191-452D-87D6-D14074EAF629}.Debug|iPhoneSimulator.Build.0 = Debug|Any CPU
		{73624CE5-D191-452D-87D6-D14074EAF629}.Debug|iPhoneSimulator.Deploy.0 = Debug|Any CPU
		{73624CE5-D191-452D-87D6-D14074EAF629}.Debug|x64.ActiveCfg = Debug|Any CPU
		{73624CE5-D191-452D-87D6-D14074EAF629}.Debug|x64.Build.0 = Debug|Any CPU
		{73624CE5-D191-452D-87D6-D14074EAF629}.Debug|x64.Deploy.0 = Debug|Any CPU
		{73624CE5-D191-452D-87D6-D14074EAF629}.Debug|x86.ActiveCfg = Debug|Any CPU
		{73624CE5-D191-452D-87D6-D14074EAF629}.Debug|x86.Build.0 = Debug|Any CPU
		{73624CE5-D191-452D-87D6-D14074EAF629}.Debug|x86.Deploy.0 = Debug|Any CPU
		{73624CE5-D191-452D-87D6-D14074EAF629}.Release|Any CPU.ActiveCfg = Release|Any CPU
		{73624CE5-D191-452D-87D6-D14074EAF629}.Release|Any CPU.Build.0 = Release|Any CPU
		{73624CE5-D191-452D-87D6-D14074EAF629}.Release|Any CPU.Deploy.0 = Release|Any CPU
		{73624CE5-D191-452D-87D6-D14074EAF629}.Release|ARM.ActiveCfg = Release|Any CPU
		{73624CE5-D191-452D-87D6-D14074EAF629}.Release|ARM.Build.0 = Release|Any CPU
		{73624CE5-D191-452D-87D6-D14074EAF629}.Release|ARM.Deploy.0 = Release|Any CPU
		{73624CE5-D191-452D-87D6-D14074EAF629}.Release|iPhone.ActiveCfg = Release|Any CPU
		{73624CE5-D191-452D-87D6-D14074EAF629}.Release|iPhone.Build.0 = Release|Any CPU
		{73624CE5-D191-452D-87D6-D14074EAF629}.Release|iPhone.Deploy.0 = Release|Any CPU
		{73624CE5-D191-452D-87D6-D14074EAF629}.Release|iPhoneSimulator.ActiveCfg = Release|Any CPU
		{73624CE5-D191-452D-87D6-D14074EAF629}.Release|iPhoneSimulator.Build.0 = Release|Any CPU
		{73624CE5-D191-452D-87D6-D14074EAF629}.Release|iPhoneSimulator.Deploy.0 = Release|Any CPU
		{73624CE5-D191-452D-87D6-D14074EAF629}.Release|x64.ActiveCfg = Release|Any CPU
		{73624CE5-D191-452D-87D6-D14074EAF629}.Release|x64.Build.0 = Release|Any CPU
		{73624CE5-D191-452D-87D6-D14074EAF629}.Release|x64.Deploy.0 = Release|Any CPU
		{73624CE5-D191-452D-87D6-D14074EAF629}.Release|x86.ActiveCfg = Release|Any CPU
		{73624CE5-D191-452D-87D6-D14074EAF629}.Release|x86.Build.0 = Release|Any CPU
		{73624CE5-D191-452D-87D6-D14074EAF629}.Release|x86.Deploy.0 = Release|Any CPU
		{79EE110E-BAF7-4B9A-8DA2-9DC372D260AE}.Ad-Hoc|Any CPU.ActiveCfg = Release|Any CPU
		{79EE110E-BAF7-4B9A-8DA2-9DC372D260AE}.Ad-Hoc|Any CPU.Build.0 = Release|Any CPU
		{79EE110E-BAF7-4B9A-8DA2-9DC372D260AE}.Ad-Hoc|ARM.ActiveCfg = Release|Any CPU
		{79EE110E-BAF7-4B9A-8DA2-9DC372D260AE}.Ad-Hoc|ARM.Build.0 = Release|Any CPU
		{79EE110E-BAF7-4B9A-8DA2-9DC372D260AE}.Ad-Hoc|iPhone.ActiveCfg = Release|Any CPU
		{79EE110E-BAF7-4B9A-8DA2-9DC372D260AE}.Ad-Hoc|iPhone.Build.0 = Release|Any CPU
		{79EE110E-BAF7-4B9A-8DA2-9DC372D260AE}.Ad-Hoc|iPhoneSimulator.ActiveCfg = Release|Any CPU
		{79EE110E-BAF7-4B9A-8DA2-9DC372D260AE}.Ad-Hoc|iPhoneSimulator.Build.0 = Release|Any CPU
		{79EE110E-BAF7-4B9A-8DA2-9DC372D260AE}.Ad-Hoc|x64.ActiveCfg = Release|Any CPU
		{79EE110E-BAF7-4B9A-8DA2-9DC372D260AE}.Ad-Hoc|x64.Build.0 = Release|Any CPU
		{79EE110E-BAF7-4B9A-8DA2-9DC372D260AE}.Ad-Hoc|x86.ActiveCfg = Release|Any CPU
		{79EE110E-BAF7-4B9A-8DA2-9DC372D260AE}.Ad-Hoc|x86.Build.0 = Release|Any CPU
		{79EE110E-BAF7-4B9A-8DA2-9DC372D260AE}.AppStore|Any CPU.ActiveCfg = Release|Any CPU
		{79EE110E-BAF7-4B9A-8DA2-9DC372D260AE}.AppStore|Any CPU.Build.0 = Release|Any CPU
		{79EE110E-BAF7-4B9A-8DA2-9DC372D260AE}.AppStore|ARM.ActiveCfg = Release|Any CPU
		{79EE110E-BAF7-4B9A-8DA2-9DC372D260AE}.AppStore|ARM.Build.0 = Release|Any CPU
		{79EE110E-BAF7-4B9A-8DA2-9DC372D260AE}.AppStore|iPhone.ActiveCfg = Release|Any CPU
		{79EE110E-BAF7-4B9A-8DA2-9DC372D260AE}.AppStore|iPhone.Build.0 = Release|Any CPU
		{79EE110E-BAF7-4B9A-8DA2-9DC372D260AE}.AppStore|iPhoneSimulator.ActiveCfg = Release|Any CPU
		{79EE110E-BAF7-4B9A-8DA2-9DC372D260AE}.AppStore|iPhoneSimulator.Build.0 = Release|Any CPU
		{79EE110E-BAF7-4B9A-8DA2-9DC372D260AE}.AppStore|x64.ActiveCfg = Release|Any CPU
		{79EE110E-BAF7-4B9A-8DA2-9DC372D260AE}.AppStore|x64.Build.0 = Release|Any CPU
		{79EE110E-BAF7-4B9A-8DA2-9DC372D260AE}.AppStore|x86.ActiveCfg = Release|Any CPU
		{79EE110E-BAF7-4B9A-8DA2-9DC372D260AE}.AppStore|x86.Build.0 = Release|Any CPU
		{79EE110E-BAF7-4B9A-8DA2-9DC372D260AE}.Debug|Any CPU.ActiveCfg = Debug|Any CPU
		{79EE110E-BAF7-4B9A-8DA2-9DC372D260AE}.Debug|Any CPU.Build.0 = Debug|Any CPU
		{79EE110E-BAF7-4B9A-8DA2-9DC372D260AE}.Debug|ARM.ActiveCfg = Debug|Any CPU
		{79EE110E-BAF7-4B9A-8DA2-9DC372D260AE}.Debug|ARM.Build.0 = Debug|Any CPU
		{79EE110E-BAF7-4B9A-8DA2-9DC372D260AE}.Debug|iPhone.ActiveCfg = Debug|Any CPU
		{79EE110E-BAF7-4B9A-8DA2-9DC372D260AE}.Debug|iPhone.Build.0 = Debug|Any CPU
		{79EE110E-BAF7-4B9A-8DA2-9DC372D260AE}.Debug|iPhoneSimulator.ActiveCfg = Debug|Any CPU
		{79EE110E-BAF7-4B9A-8DA2-9DC372D260AE}.Debug|iPhoneSimulator.Build.0 = Debug|Any CPU
		{79EE110E-BAF7-4B9A-8DA2-9DC372D260AE}.Debug|x64.ActiveCfg = Debug|Any CPU
		{79EE110E-BAF7-4B9A-8DA2-9DC372D260AE}.Debug|x64.Build.0 = Debug|Any CPU
		{79EE110E-BAF7-4B9A-8DA2-9DC372D260AE}.Debug|x86.ActiveCfg = Debug|Any CPU
		{79EE110E-BAF7-4B9A-8DA2-9DC372D260AE}.Debug|x86.Build.0 = Debug|Any CPU
		{79EE110E-BAF7-4B9A-8DA2-9DC372D260AE}.Release|Any CPU.ActiveCfg = Release|Any CPU
		{79EE110E-BAF7-4B9A-8DA2-9DC372D260AE}.Release|Any CPU.Build.0 = Release|Any CPU
		{79EE110E-BAF7-4B9A-8DA2-9DC372D260AE}.Release|ARM.ActiveCfg = Release|Any CPU
		{79EE110E-BAF7-4B9A-8DA2-9DC372D260AE}.Release|ARM.Build.0 = Release|Any CPU
		{79EE110E-BAF7-4B9A-8DA2-9DC372D260AE}.Release|iPhone.ActiveCfg = Release|Any CPU
		{79EE110E-BAF7-4B9A-8DA2-9DC372D260AE}.Release|iPhone.Build.0 = Release|Any CPU
		{79EE110E-BAF7-4B9A-8DA2-9DC372D260AE}.Release|iPhoneSimulator.ActiveCfg = Release|Any CPU
		{79EE110E-BAF7-4B9A-8DA2-9DC372D260AE}.Release|iPhoneSimulator.Build.0 = Release|Any CPU
		{79EE110E-BAF7-4B9A-8DA2-9DC372D260AE}.Release|x64.ActiveCfg = Release|Any CPU
		{79EE110E-BAF7-4B9A-8DA2-9DC372D260AE}.Release|x64.Build.0 = Release|Any CPU
		{79EE110E-BAF7-4B9A-8DA2-9DC372D260AE}.Release|x86.ActiveCfg = Release|Any CPU
		{79EE110E-BAF7-4B9A-8DA2-9DC372D260AE}.Release|x86.Build.0 = Release|Any CPU
		{2DFEBAC4-B12B-4735-B697-2CBAADC6B230}.Ad-Hoc|Any CPU.ActiveCfg = Release|x86
		{2DFEBAC4-B12B-4735-B697-2CBAADC6B230}.Ad-Hoc|Any CPU.Build.0 = Release|x86
		{2DFEBAC4-B12B-4735-B697-2CBAADC6B230}.Ad-Hoc|Any CPU.Deploy.0 = Release|x86
		{2DFEBAC4-B12B-4735-B697-2CBAADC6B230}.Ad-Hoc|ARM.ActiveCfg = Release|ARM
		{2DFEBAC4-B12B-4735-B697-2CBAADC6B230}.Ad-Hoc|ARM.Build.0 = Release|ARM
		{2DFEBAC4-B12B-4735-B697-2CBAADC6B230}.Ad-Hoc|ARM.Deploy.0 = Release|ARM
		{2DFEBAC4-B12B-4735-B697-2CBAADC6B230}.Ad-Hoc|iPhone.ActiveCfg = Release|x86
		{2DFEBAC4-B12B-4735-B697-2CBAADC6B230}.Ad-Hoc|iPhone.Build.0 = Release|x86
		{2DFEBAC4-B12B-4735-B697-2CBAADC6B230}.Ad-Hoc|iPhone.Deploy.0 = Release|x86
		{2DFEBAC4-B12B-4735-B697-2CBAADC6B230}.Ad-Hoc|iPhoneSimulator.ActiveCfg = Release|x86
		{2DFEBAC4-B12B-4735-B697-2CBAADC6B230}.Ad-Hoc|iPhoneSimulator.Build.0 = Release|x86
		{2DFEBAC4-B12B-4735-B697-2CBAADC6B230}.Ad-Hoc|iPhoneSimulator.Deploy.0 = Release|x86
		{2DFEBAC4-B12B-4735-B697-2CBAADC6B230}.Ad-Hoc|x64.ActiveCfg = Release|x64
		{2DFEBAC4-B12B-4735-B697-2CBAADC6B230}.Ad-Hoc|x64.Build.0 = Release|x64
		{2DFEBAC4-B12B-4735-B697-2CBAADC6B230}.Ad-Hoc|x64.Deploy.0 = Release|x64
		{2DFEBAC4-B12B-4735-B697-2CBAADC6B230}.Ad-Hoc|x86.ActiveCfg = Release|x86
		{2DFEBAC4-B12B-4735-B697-2CBAADC6B230}.Ad-Hoc|x86.Build.0 = Release|x86
		{2DFEBAC4-B12B-4735-B697-2CBAADC6B230}.Ad-Hoc|x86.Deploy.0 = Release|x86
		{2DFEBAC4-B12B-4735-B697-2CBAADC6B230}.AppStore|Any CPU.ActiveCfg = Release|x86
		{2DFEBAC4-B12B-4735-B697-2CBAADC6B230}.AppStore|Any CPU.Build.0 = Release|x86
		{2DFEBAC4-B12B-4735-B697-2CBAADC6B230}.AppStore|Any CPU.Deploy.0 = Release|x86
		{2DFEBAC4-B12B-4735-B697-2CBAADC6B230}.AppStore|ARM.ActiveCfg = Release|ARM
		{2DFEBAC4-B12B-4735-B697-2CBAADC6B230}.AppStore|ARM.Build.0 = Release|ARM
		{2DFEBAC4-B12B-4735-B697-2CBAADC6B230}.AppStore|ARM.Deploy.0 = Release|ARM
		{2DFEBAC4-B12B-4735-B697-2CBAADC6B230}.AppStore|iPhone.ActiveCfg = Release|x86
		{2DFEBAC4-B12B-4735-B697-2CBAADC6B230}.AppStore|iPhone.Build.0 = Release|x86
		{2DFEBAC4-B12B-4735-B697-2CBAADC6B230}.AppStore|iPhone.Deploy.0 = Release|x86
		{2DFEBAC4-B12B-4735-B697-2CBAADC6B230}.AppStore|iPhoneSimulator.ActiveCfg = Release|x86
		{2DFEBAC4-B12B-4735-B697-2CBAADC6B230}.AppStore|iPhoneSimulator.Build.0 = Release|x86
		{2DFEBAC4-B12B-4735-B697-2CBAADC6B230}.AppStore|iPhoneSimulator.Deploy.0 = Release|x86
		{2DFEBAC4-B12B-4735-B697-2CBAADC6B230}.AppStore|x64.ActiveCfg = Release|x64
		{2DFEBAC4-B12B-4735-B697-2CBAADC6B230}.AppStore|x64.Build.0 = Release|x64
		{2DFEBAC4-B12B-4735-B697-2CBAADC6B230}.AppStore|x64.Deploy.0 = Release|x64
		{2DFEBAC4-B12B-4735-B697-2CBAADC6B230}.AppStore|x86.ActiveCfg = Release|x86
		{2DFEBAC4-B12B-4735-B697-2CBAADC6B230}.AppStore|x86.Build.0 = Release|x86
		{2DFEBAC4-B12B-4735-B697-2CBAADC6B230}.AppStore|x86.Deploy.0 = Release|x86
		{2DFEBAC4-B12B-4735-B697-2CBAADC6B230}.Debug|Any CPU.ActiveCfg = Debug|x86
		{2DFEBAC4-B12B-4735-B697-2CBAADC6B230}.Debug|ARM.ActiveCfg = Debug|ARM
		{2DFEBAC4-B12B-4735-B697-2CBAADC6B230}.Debug|ARM.Build.0 = Debug|ARM
		{2DFEBAC4-B12B-4735-B697-2CBAADC6B230}.Debug|ARM.Deploy.0 = Debug|ARM
		{2DFEBAC4-B12B-4735-B697-2CBAADC6B230}.Debug|iPhone.ActiveCfg = Debug|x86
		{2DFEBAC4-B12B-4735-B697-2CBAADC6B230}.Debug|iPhoneSimulator.ActiveCfg = Debug|x86
		{2DFEBAC4-B12B-4735-B697-2CBAADC6B230}.Debug|x64.ActiveCfg = Debug|x64
		{2DFEBAC4-B12B-4735-B697-2CBAADC6B230}.Debug|x64.Build.0 = Debug|x64
		{2DFEBAC4-B12B-4735-B697-2CBAADC6B230}.Debug|x64.Deploy.0 = Debug|x64
		{2DFEBAC4-B12B-4735-B697-2CBAADC6B230}.Debug|x86.ActiveCfg = Debug|x86
		{2DFEBAC4-B12B-4735-B697-2CBAADC6B230}.Debug|x86.Build.0 = Debug|x86
		{2DFEBAC4-B12B-4735-B697-2CBAADC6B230}.Debug|x86.Deploy.0 = Debug|x86
		{2DFEBAC4-B12B-4735-B697-2CBAADC6B230}.Release|Any CPU.ActiveCfg = Release|x86
		{2DFEBAC4-B12B-4735-B697-2CBAADC6B230}.Release|ARM.ActiveCfg = Release|ARM
		{2DFEBAC4-B12B-4735-B697-2CBAADC6B230}.Release|ARM.Build.0 = Release|ARM
		{2DFEBAC4-B12B-4735-B697-2CBAADC6B230}.Release|ARM.Deploy.0 = Release|ARM
		{2DFEBAC4-B12B-4735-B697-2CBAADC6B230}.Release|iPhone.ActiveCfg = Release|x86
		{2DFEBAC4-B12B-4735-B697-2CBAADC6B230}.Release|iPhoneSimulator.ActiveCfg = Release|x86
		{2DFEBAC4-B12B-4735-B697-2CBAADC6B230}.Release|x64.ActiveCfg = Release|x64
		{2DFEBAC4-B12B-4735-B697-2CBAADC6B230}.Release|x64.Build.0 = Release|x64
		{2DFEBAC4-B12B-4735-B697-2CBAADC6B230}.Release|x64.Deploy.0 = Release|x64
		{2DFEBAC4-B12B-4735-B697-2CBAADC6B230}.Release|x86.ActiveCfg = Release|x86
		{2DFEBAC4-B12B-4735-B697-2CBAADC6B230}.Release|x86.Build.0 = Release|x86
		{2DFEBAC4-B12B-4735-B697-2CBAADC6B230}.Release|x86.Deploy.0 = Release|x86
		{B01B052C-5B82-4F35-B1A6-E956074F70F7}.Ad-Hoc|Any CPU.ActiveCfg = Ad-Hoc|iPhone
		{B01B052C-5B82-4F35-B1A6-E956074F70F7}.Ad-Hoc|ARM.ActiveCfg = Ad-Hoc|iPhone
		{B01B052C-5B82-4F35-B1A6-E956074F70F7}.Ad-Hoc|iPhone.ActiveCfg = Ad-Hoc|iPhone
		{B01B052C-5B82-4F35-B1A6-E956074F70F7}.Ad-Hoc|iPhone.Build.0 = Ad-Hoc|iPhone
		{B01B052C-5B82-4F35-B1A6-E956074F70F7}.Ad-Hoc|iPhoneSimulator.ActiveCfg = Ad-Hoc|iPhoneSimulator
		{B01B052C-5B82-4F35-B1A6-E956074F70F7}.Ad-Hoc|iPhoneSimulator.Build.0 = Ad-Hoc|iPhoneSimulator
		{B01B052C-5B82-4F35-B1A6-E956074F70F7}.Ad-Hoc|x64.ActiveCfg = Ad-Hoc|iPhone
		{B01B052C-5B82-4F35-B1A6-E956074F70F7}.Ad-Hoc|x86.ActiveCfg = Ad-Hoc|iPhone
		{B01B052C-5B82-4F35-B1A6-E956074F70F7}.AppStore|Any CPU.ActiveCfg = AppStore|iPhone
		{B01B052C-5B82-4F35-B1A6-E956074F70F7}.AppStore|ARM.ActiveCfg = AppStore|iPhone
		{B01B052C-5B82-4F35-B1A6-E956074F70F7}.AppStore|iPhone.ActiveCfg = AppStore|iPhone
		{B01B052C-5B82-4F35-B1A6-E956074F70F7}.AppStore|iPhone.Build.0 = AppStore|iPhone
		{B01B052C-5B82-4F35-B1A6-E956074F70F7}.AppStore|iPhoneSimulator.ActiveCfg = AppStore|iPhoneSimulator
		{B01B052C-5B82-4F35-B1A6-E956074F70F7}.AppStore|iPhoneSimulator.Build.0 = AppStore|iPhoneSimulator
		{B01B052C-5B82-4F35-B1A6-E956074F70F7}.AppStore|x64.ActiveCfg = AppStore|iPhone
		{B01B052C-5B82-4F35-B1A6-E956074F70F7}.AppStore|x86.ActiveCfg = AppStore|iPhone
		{B01B052C-5B82-4F35-B1A6-E956074F70F7}.Debug|Any CPU.ActiveCfg = Debug|iPhone
		{B01B052C-5B82-4F35-B1A6-E956074F70F7}.Debug|ARM.ActiveCfg = Debug|iPhone
		{B01B052C-5B82-4F35-B1A6-E956074F70F7}.Debug|iPhone.ActiveCfg = Debug|iPhone
		{B01B052C-5B82-4F35-B1A6-E956074F70F7}.Debug|iPhone.Build.0 = Debug|iPhone
		{B01B052C-5B82-4F35-B1A6-E956074F70F7}.Debug|iPhoneSimulator.ActiveCfg = Debug|iPhoneSimulator
		{B01B052C-5B82-4F35-B1A6-E956074F70F7}.Debug|iPhoneSimulator.Build.0 = Debug|iPhoneSimulator
		{B01B052C-5B82-4F35-B1A6-E956074F70F7}.Debug|x64.ActiveCfg = Debug|iPhone
		{B01B052C-5B82-4F35-B1A6-E956074F70F7}.Debug|x86.ActiveCfg = Debug|iPhone
		{B01B052C-5B82-4F35-B1A6-E956074F70F7}.Release|Any CPU.ActiveCfg = Release|iPhone
		{B01B052C-5B82-4F35-B1A6-E956074F70F7}.Release|ARM.ActiveCfg = Release|iPhone
		{B01B052C-5B82-4F35-B1A6-E956074F70F7}.Release|iPhone.ActiveCfg = Release|iPhone
		{B01B052C-5B82-4F35-B1A6-E956074F70F7}.Release|iPhone.Build.0 = Release|iPhone
		{B01B052C-5B82-4F35-B1A6-E956074F70F7}.Release|iPhoneSimulator.ActiveCfg = Release|iPhoneSimulator
		{B01B052C-5B82-4F35-B1A6-E956074F70F7}.Release|iPhoneSimulator.Build.0 = Release|iPhoneSimulator
		{B01B052C-5B82-4F35-B1A6-E956074F70F7}.Release|x64.ActiveCfg = Release|iPhone
		{B01B052C-5B82-4F35-B1A6-E956074F70F7}.Release|x86.ActiveCfg = Release|iPhone
	EndGlobalSection
	GlobalSection(SolutionProperties) = preSolution
		HideSolutionNode = FALSE
	EndGlobalSection
EndGlobal
